
Microsoft Visual Studio Solution File, Format Version 12.00
# Visual Studio Version 17
VisualStudioVersion = 17.2.32616.157
MinimumVisualStudioVersion = 10.0.40219.1
Project("{FAE04EC0-301F-11D3-BF4B-00C04F79EFBC}") = "Succesive Over-Relaxation", "Succesive Over-Relaxation.csproj", "{01B7D1FC-F16A-48D7-9564-860B3B0738BA}"
EndProject
Global
	GlobalSection(SolutionConfigurationPlatforms) = preSolution
		Debug|Any CPU = Debug|Any CPU
		Release|Any CPU = Release|Any CPU
	EndGlobalSection
	GlobalSection(ProjectConfigurationPlatforms) = postSolution
		{01B7D1FC-F16A-48D7-9564-860B3B0738BA}.Debug|Any CPU.ActiveCfg = Debug|Any CPU
		{01B7D1FC-F16A-48D7-9564-860B3B0738BA}.Debug|Any CPU.Build.0 = Debug|Any CPU
		{01B7D1FC-F16A-48D7-9564-860B3B0738BA}.Release|Any CPU.ActiveCfg = Release|Any CPU
		{01B7D1FC-F16A-48D7-9564-860B3B0738BA}.Release|Any CPU.Build.0 = Release|Any CPU
	EndGlobalSection
	GlobalSection(SolutionProperties) = preSolution
		HideSolutionNode = FALSE
	EndGlobalSection
	GlobalSection(ExtensibilityGlobals) = postSolution
		SolutionGuid = {7E3B2A34-6028-4B27-86F6-3F92D3BBEE38}
	EndGlobalSection
EndGlobal
